
Microsoft Visual Studio Solution File, Format Version 12.00
# Visual Studio Version 17
VisualStudioVersion = 17.9.34728.123
MinimumVisualStudioVersion = 10.0.40219.1
Project("{FAE04EC0-301F-11D3-BF4B-00C04F79EFBC}") = "BackEndApplicattion", "BackEndApplicattion\BackEndApplicattion.csproj", "{8AB25A4F-DC20-428A-B623-85C501A542E5}"
EndProject
Global
	GlobalSection(SolutionConfigurationPlatforms) = preSolution
		Debug|Any CPU = Debug|Any CPU
		Release|Any CPU = Release|Any CPU
	EndGlobalSection
	GlobalSection(ProjectConfigurationPlatforms) = postSolution
		{8AB25A4F-DC20-428A-B623-85C501A542E5}.Debug|Any CPU.ActiveCfg = Debug|Any CPU
		{8AB25A4F-DC20-428A-B623-85C501A542E5}.Debug|Any CPU.Build.0 = Debug|Any CPU
		{8AB25A4F-DC20-428A-B623-85C501A542E5}.Release|Any CPU.ActiveCfg = Release|Any CPU
		{8AB25A4F-DC20-428A-B623-85C501A542E5}.Release|Any CPU.Build.0 = Release|Any CPU
	EndGlobalSection
	GlobalSection(SolutionProperties) = preSolution
		HideSolutionNode = FALSE
	EndGlobalSection
	GlobalSection(ExtensibilityGlobals) = postSolution
		SolutionGuid = {E7F1CC27-67B2-4602-B24B-4FA3B0E5421F}
	EndGlobalSection
EndGlobal
